
Microsoft Visual Studio Solution File, Format Version 12.00
# Visual Studio Version 16
VisualStudioVersion = 16.0.29009.5
MinimumVisualStudioVersion = 10.0.40219.1
Project("{FAE04EC0-301F-11D3-BF4B-00C04F79EFBC}") = "TA_Editor", "TA_Editor\TA_Editor.csproj", "{77B64CEE-5DEF-4BF6-945F-B8FC82E5619B}"
EndProject
Project("{FAE04EC0-301F-11D3-BF4B-00C04F79EFBC}") = "TA_EditorTest", "TA_EditorTest\TA_EditorTest.csproj", "{930B8437-8151-4284-8E7F-37267235A000}"
EndProject
Global
	GlobalSection(SolutionConfigurationPlatforms) = preSolution
		Debug|Any CPU = Debug|Any CPU
		Release|Any CPU = Release|Any CPU
	EndGlobalSection
	GlobalSection(ProjectConfigurationPlatforms) = postSolution
		{77B64CEE-5DEF-4BF6-945F-B8FC82E5619B}.Debug|Any CPU.ActiveCfg = Debug|Any CPU
		{77B64CEE-5DEF-4BF6-945F-B8FC82E5619B}.Debug|Any CPU.Build.0 = Debug|Any CPU
		{77B64CEE-5DEF-4BF6-945F-B8FC82E5619B}.Release|Any CPU.ActiveCfg = Release|Any CPU
		{77B64CEE-5DEF-4BF6-945F-B8FC82E5619B}.Release|Any CPU.Build.0 = Release|Any CPU
		{930B8437-8151-4284-8E7F-37267235A000}.Debug|Any CPU.ActiveCfg = Debug|Any CPU
		{930B8437-8151-4284-8E7F-37267235A000}.Debug|Any CPU.Build.0 = Debug|Any CPU
		{930B8437-8151-4284-8E7F-37267235A000}.Release|Any CPU.ActiveCfg = Release|Any CPU
		{930B8437-8151-4284-8E7F-37267235A000}.Release|Any CPU.Build.0 = Release|Any CPU
	EndGlobalSection
	GlobalSection(SolutionProperties) = preSolution
		HideSolutionNode = FALSE
	EndGlobalSection
	GlobalSection(ExtensibilityGlobals) = postSolution
		SolutionGuid = {69DC8481-2BCA-4399-B18C-10D6FEC1D7A4}
	EndGlobalSection
EndGlobal
